version = 1
requires-python = ">=3.11"

[[package]]
name = "repl-nix-workspace"
version = "0.1.0"
source = { virtual = "." }
dependencies = [
    { name = "word2number" },
]

[package.metadata]
requires-dist = [{ name = "word2number", specifier = ">=1.1" }]

[[package]]
name = "word2number"
version = "1.1"
source = { registry = "https://pypi.org/simple" }
sdist = { url = "https://files.pythonhosted.org/packages/4a/29/a31940c848521f0725f0df6b25dca8917f13a2025b0e8fcbe5d0457e45e6/word2number-1.1.zip", hash = "sha256:70e27a5d387f67b04c71fbb7621c05930b19bfd26efd6851e6e0f9969dcde7d0", size = 9723 }
